
Microsoft Visual Studio Solution File, Format Version 12.00
# Visual Studio Version 17
VisualStudioVersion = 17.4.33403.182
MinimumVisualStudioVersion = 10.0.40219.1
Project("{FAE04EC0-301F-11D3-BF4B-00C04F79EFBC}") = "Week7", "Week7.csproj", "{A52CE826-7CD6-4CF5-9CED-FD85686D0EEF}"
EndProject
Global
	GlobalSection(SolutionConfigurationPlatforms) = preSolution
		Debug|Any CPU = Debug|Any CPU
		Release|Any CPU = Release|Any CPU
	EndGlobalSection
	GlobalSection(ProjectConfigurationPlatforms) = postSolution
		{A52CE826-7CD6-4CF5-9CED-FD85686D0EEF}.Debug|Any CPU.ActiveCfg = Debug|Any CPU
		{A52CE826-7CD6-4CF5-9CED-FD85686D0EEF}.Debug|Any CPU.Build.0 = Debug|Any CPU
		{A52CE826-7CD6-4CF5-9CED-FD85686D0EEF}.Release|Any CPU.ActiveCfg = Release|Any CPU
		{A52CE826-7CD6-4CF5-9CED-FD85686D0EEF}.Release|Any CPU.Build.0 = Release|Any CPU
	EndGlobalSection
	GlobalSection(SolutionProperties) = preSolution
		HideSolutionNode = FALSE
	EndGlobalSection
	GlobalSection(ExtensibilityGlobals) = postSolution
		SolutionGuid = {D9DF16EF-ED36-4708-8D7C-02BF38443CB7}
	EndGlobalSection
EndGlobal
